
Microsoft Visual Studio Solution File, Format Version 12.00
# Visual Studio Version 17
VisualStudioVersion = 17.0.31612.314
MinimumVisualStudioVersion = 10.0.40219.1
Project("{FAE04EC0-301F-11D3-BF4B-00C04F79EFBC}") = "ReadTxtFile", "ReadTxtFile\ReadTxtFile.csproj", "{A66CB328-41AB-46C6-86B8-532CCEDA4757}"
EndProject
Global
	GlobalSection(SolutionConfigurationPlatforms) = preSolution
		Debug|Any CPU = Debug|Any CPU
		Release|Any CPU = Release|Any CPU
	EndGlobalSection
	GlobalSection(ProjectConfigurationPlatforms) = postSolution
		{A66CB328-41AB-46C6-86B8-532CCEDA4757}.Debug|Any CPU.ActiveCfg = Debug|Any CPU
		{A66CB328-41AB-46C6-86B8-532CCEDA4757}.Debug|Any CPU.Build.0 = Debug|Any CPU
		{A66CB328-41AB-46C6-86B8-532CCEDA4757}.Release|Any CPU.ActiveCfg = Release|Any CPU
		{A66CB328-41AB-46C6-86B8-532CCEDA4757}.Release|Any CPU.Build.0 = Release|Any CPU
	EndGlobalSection
	GlobalSection(SolutionProperties) = preSolution
		HideSolutionNode = FALSE
	EndGlobalSection
	GlobalSection(ExtensibilityGlobals) = postSolution
		SolutionGuid = {3F800FA9-AFDB-401E-8B57-58330DDA19FB}
	EndGlobalSection
EndGlobal
